{
  "name": "app",
  "version": "1.0.0",
  "lockfileVersion": 1,
  "requires": true,
  "dependencies": {
    "@aif/component1": {
      "version": "file:../@aif/component1",
      "requires": {
        "@aif/core": "file:../@aif/core"
      },
      "dependencies": {
        "@aif/core": {
          "version": "file:../@aif/core",
          "bundled": true
        }
      }
    },
    "@aif/component2": {
      "version": "file:../@aif/component2",
      "requires": {
        "@aif/core": "file:../@aif/core"
      },
      "dependencies": {
        "@aif/core": {
          "version": "file:../@aif/core",
          "bundled": true
        }
      }
    },
    "@aif/core": {
      "version": "file:../@aif/core"
    }
  }
}
